
Microsoft Visual Studio Solution File, Format Version 12.00
# Visual Studio 15
VisualStudioVersion = 15.0.26730.3
MinimumVisualStudioVersion = 10.0.40219.1
Project("{8BC9CEB8-8B4A-11D0-8D11-00A0C91BC942}") = "chessboard", "chessboard\chessboard.vcxproj", "{B25D389C-F048-4B09-83AF-A0B6FBC47706}"
EndProject
Project("{8BC9CEB8-8B4A-11D0-8D11-00A0C91BC942}") = "evaluation", "evaluation\evaluation.vcxproj", "{14928860-6CC4-4383-B52E-9F9BE6A2FF42}"
EndProject
Project("{8BC9CEB8-8B4A-11D0-8D11-00A0C91BC942}") = "searcher", "searcher\searcher.vcxproj", "{D5879344-4CDF-44F6-A57D-7BCD233C27CA}"
EndProject
Project("{8BC9CEB8-8B4A-11D0-8D11-00A0C91BC942}") = "wrapper", "wrapper\wrapper.vcxproj", "{4E181526-8515-48F3-A365-86C870DD8886}"
EndProject
Project("{8BC9CEB8-8B4A-11D0-8D11-00A0C91BC942}") = "pbrain-gomocup", "gomocup\gomocup.vcxproj", "{38FC5FBC-4182-4F79-9886-34636156F0FD}"
EndProject
Project("{8BC9CEB8-8B4A-11D0-8D11-00A0C91BC942}") = "perfwatcher", "perfwatcher\perfwatcher.vcxproj", "{C5B70D0C-0909-46EF-ADC2-5AB4C37C57E5}"
EndProject
Global
	GlobalSection(SolutionConfigurationPlatforms) = preSolution
		Debug|x64 = Debug|x64
		Debug|x86 = Debug|x86
		Release|x64 = Release|x64
		Release|x86 = Release|x86
	EndGlobalSection
	GlobalSection(ProjectConfigurationPlatforms) = postSolution
		{B25D389C-F048-4B09-83AF-A0B6FBC47706}.Debug|x64.ActiveCfg = Debug|x64
		{B25D389C-F048-4B09-83AF-A0B6FBC47706}.Debug|x64.Build.0 = Debug|x64
		{B25D389C-F048-4B09-83AF-A0B6FBC47706}.Debug|x86.ActiveCfg = Debug|Win32
		{B25D389C-F048-4B09-83AF-A0B6FBC47706}.Debug|x86.Build.0 = Debug|Win32
		{B25D389C-F048-4B09-83AF-A0B6FBC47706}.Release|x64.ActiveCfg = Release|x64
		{B25D389C-F048-4B09-83AF-A0B6FBC47706}.Release|x64.Build.0 = Release|x64
		{B25D389C-F048-4B09-83AF-A0B6FBC47706}.Release|x86.ActiveCfg = Release|Win32
		{B25D389C-F048-4B09-83AF-A0B6FBC47706}.Release|x86.Build.0 = Release|Win32
		{14928860-6CC4-4383-B52E-9F9BE6A2FF42}.Debug|x64.ActiveCfg = Debug|x64
		{14928860-6CC4-4383-B52E-9F9BE6A2FF42}.Debug|x64.Build.0 = Debug|x64
		{14928860-6CC4-4383-B52E-9F9BE6A2FF42}.Debug|x86.ActiveCfg = Debug|Win32
		{14928860-6CC4-4383-B52E-9F9BE6A2FF42}.Debug|x86.Build.0 = Debug|Win32
		{14928860-6CC4-4383-B52E-9F9BE6A2FF42}.Release|x64.ActiveCfg = Release|x64
		{14928860-6CC4-4383-B52E-9F9BE6A2FF42}.Release|x64.Build.0 = Release|x64
		{14928860-6CC4-4383-B52E-9F9BE6A2FF42}.Release|x86.ActiveCfg = Release|Win32
		{14928860-6CC4-4383-B52E-9F9BE6A2FF42}.Release|x86.Build.0 = Release|Win32
		{D5879344-4CDF-44F6-A57D-7BCD233C27CA}.Debug|x64.ActiveCfg = Debug|x64
		{D5879344-4CDF-44F6-A57D-7BCD233C27CA}.Debug|x64.Build.0 = Debug|x64
		{D5879344-4CDF-44F6-A57D-7BCD233C27CA}.Debug|x86.ActiveCfg = Debug|Win32
		{D5879344-4CDF-44F6-A57D-7BCD233C27CA}.Debug|x86.Build.0 = Debug|Win32
		{D5879344-4CDF-44F6-A57D-7BCD233C27CA}.Release|x64.ActiveCfg = Release|x64
		{D5879344-4CDF-44F6-A57D-7BCD233C27CA}.Release|x64.Build.0 = Release|x64
		{D5879344-4CDF-44F6-A57D-7BCD233C27CA}.Release|x86.ActiveCfg = Release|Win32
		{D5879344-4CDF-44F6-A57D-7BCD233C27CA}.Release|x86.Build.0 = Release|Win32
		{4E181526-8515-48F3-A365-86C870DD8886}.Debug|x64.ActiveCfg = Debug|x64
		{4E181526-8515-48F3-A365-86C870DD8886}.Debug|x64.Build.0 = Debug|x64
		{4E181526-8515-48F3-A365-86C870DD8886}.Debug|x86.ActiveCfg = Debug|Win32
		{4E181526-8515-48F3-A365-86C870DD8886}.Debug|x86.Build.0 = Debug|Win32
		{4E181526-8515-48F3-A365-86C870DD8886}.Release|x64.ActiveCfg = Release|x64
		{4E181526-8515-48F3-A365-86C870DD8886}.Release|x64.Build.0 = Release|x64
		{4E181526-8515-48F3-A365-86C870DD8886}.Release|x86.ActiveCfg = Release|Win32
		{4E181526-8515-48F3-A365-86C870DD8886}.Release|x86.Build.0 = Release|Win32
		{38FC5FBC-4182-4F79-9886-34636156F0FD}.Debug|x64.ActiveCfg = Debug|x64
		{38FC5FBC-4182-4F79-9886-34636156F0FD}.Debug|x64.Build.0 = Debug|x64
		{38FC5FBC-4182-4F79-9886-34636156F0FD}.Debug|x86.ActiveCfg = Debug|Win32
		{38FC5FBC-4182-4F79-9886-34636156F0FD}.Debug|x86.Build.0 = Debug|Win32
		{38FC5FBC-4182-4F79-9886-34636156F0FD}.Release|x64.ActiveCfg = Release|x64
		{38FC5FBC-4182-4F79-9886-34636156F0FD}.Release|x64.Build.0 = Release|x64
		{38FC5FBC-4182-4F79-9886-34636156F0FD}.Release|x86.ActiveCfg = Release|Win32
		{38FC5FBC-4182-4F79-9886-34636156F0FD}.Release|x86.Build.0 = Release|Win32
		{C5B70D0C-0909-46EF-ADC2-5AB4C37C57E5}.Debug|x64.ActiveCfg = Debug|x64
		{C5B70D0C-0909-46EF-ADC2-5AB4C37C57E5}.Debug|x64.Build.0 = Debug|x64
		{C5B70D0C-0909-46EF-ADC2-5AB4C37C57E5}.Debug|x86.ActiveCfg = Debug|Win32
		{C5B70D0C-0909-46EF-ADC2-5AB4C37C57E5}.Debug|x86.Build.0 = Debug|Win32
		{C5B70D0C-0909-46EF-ADC2-5AB4C37C57E5}.Release|x64.ActiveCfg = Release|x64
		{C5B70D0C-0909-46EF-ADC2-5AB4C37C57E5}.Release|x64.Build.0 = Release|x64
		{C5B70D0C-0909-46EF-ADC2-5AB4C37C57E5}.Release|x86.ActiveCfg = Release|Win32
		{C5B70D0C-0909-46EF-ADC2-5AB4C37C57E5}.Release|x86.Build.0 = Release|Win32
	EndGlobalSection
	GlobalSection(SolutionProperties) = preSolution
		HideSolutionNode = FALSE
	EndGlobalSection
	GlobalSection(ExtensibilityGlobals) = postSolution
		SolutionGuid = {055F7F20-2B7C-4C7A-8C49-A35FD6E386A0}
	EndGlobalSection
	GlobalSection(Performance) = preSolution
		HasPerformanceSessions = true
	EndGlobalSection
	GlobalSection(Performance) = preSolution
		HasPerformanceSessions = true
	EndGlobalSection
	GlobalSection(Performance) = preSolution
		HasPerformanceSessions = true
	EndGlobalSection
	GlobalSection(Performance) = preSolution
		HasPerformanceSessions = true
	EndGlobalSection
EndGlobal
